// !$*UTF8*$!
{
	archiveVersion = 1;
	classes = {
	};
	objectVersion = 48;
	objects = {

/* Begin PBXBuildFile section */
		BB63E3881FB100FB0022E530 /* Rectangle.cpp in Sources */ = {isa = PBXBuildFile; fileRef = BB63E3861FB100FB0022E530 /* Rectangle.cpp */; };
		BB63E38B1FB102540022E530 /* Square.cpp in Sources */ = {isa = PBXBuildFile; fileRef = BB63E3891FB102540022E530 /* Square.cpp */; };
		BB63E38E1FB1037A0022E530 /* Circle.cpp in Sources */ = {isa = PBXBuildFile; fileRef = BB63E38C1FB1037A0022E530 /* Circle.cpp */; };
		BB7131A91FAE558400481B94 /* Cylinder.cpp in Sources */ = {isa = PBXBuildFile; fileRef = BB7131A71FAE558400481B94 /* Cylinder.cpp */; };
		BB7131AC1FAE67BE00481B94 /* PointNode.cpp in Sources */ = {isa = PBXBuildFile; fileRef = BB7131AA1FAE67BD00481B94 /* PointNode.cpp */; };
		BB7131AF1FAE682200481B94 /* RenderNode.cpp in Sources */ = {isa = PBXBuildFile; fileRef = BB7131AD1FAE682200481B94 /* RenderNode.cpp */; };
		BBCB42801FAD07570050C4E1 /* main.mm in Sources */ = {isa = PBXBuildFile; fileRef = BBCB427F1FAD07570050C4E1 /* main.mm */; };
		BBCB42891FAD07700050C4E1 /* libGLEW.a in Frameworks */ = {isa = PBXBuildFile; fileRef = BBCB42881FAD07700050C4E1 /* libGLEW.a */; };
		BBCB428B1FAD077B0050C4E1 /* libglfw3.a in Frameworks */ = {isa = PBXBuildFile; fileRef = BBCB428A1FAD077B0050C4E1 /* libglfw3.a */; };
		BBCB428C1FAD077F0050C4E1 /* OpenGL.framework in Frameworks */ = {isa = PBXBuildFile; fileRef = BBCB42871FAD07610050C4E1 /* OpenGL.framework */; };
		BBCB42911FAD08120050C4E1 /* Application.cpp in Sources */ = {isa = PBXBuildFile; fileRef = BBCB428F1FAD08120050C4E1 /* Application.cpp */; };
		BBCB42931FAD0CEF0050C4E1 /* Cocoa.framework in Frameworks */ = {isa = PBXBuildFile; fileRef = BBCB428D1FAD07840050C4E1 /* Cocoa.framework */; };
		BBCB42961FAD0CFA0050C4E1 /* IOKit.framework in Frameworks */ = {isa = PBXBuildFile; fileRef = BBCB42941FAD0CF30050C4E1 /* IOKit.framework */; };
		BBCB42971FAD0CFB0050C4E1 /* Foundation.framework in Frameworks */ = {isa = PBXBuildFile; fileRef = BBCB42951FAD0CF70050C4E1 /* Foundation.framework */; };
		BBCB42991FAD0D0E0050C4E1 /* CoreVideo.framework in Frameworks */ = {isa = PBXBuildFile; fileRef = BBCB42981FAD0D090050C4E1 /* CoreVideo.framework */; };
		BBCB429D1FAD13910050C4E1 /* Simple.vs in CopyFiles */ = {isa = PBXBuildFile; fileRef = BBCB429B1FAD112B0050C4E1 /* Simple.vs */; };
		BBCB429E1FAD13930050C4E1 /* Simple.fs in CopyFiles */ = {isa = PBXBuildFile; fileRef = BBCB429C1FAD11370050C4E1 /* Simple.fs */; };
		BBCB42A11FAD14F60050C4E1 /* Shader.cpp in Sources */ = {isa = PBXBuildFile; fileRef = BBCB429F1FAD14F60050C4E1 /* Shader.cpp */; };
		BBCB42A51FAD19E90050C4E1 /* Program.cpp in Sources */ = {isa = PBXBuildFile; fileRef = BBCB42A31FAD19E90050C4E1 /* Program.cpp */; };
		BBCB42A81FAD1B090050C4E1 /* FragmentShader.cpp in Sources */ = {isa = PBXBuildFile; fileRef = BBCB42A61FAD1B090050C4E1 /* FragmentShader.cpp */; };
		BBCB42AB1FAD1B110050C4E1 /* VertexShader.cpp in Sources */ = {isa = PBXBuildFile; fileRef = BBCB42A91FAD1B110050C4E1 /* VertexShader.cpp */; };
		BBCB42AE1FAD1F060050C4E1 /* Node.cpp in Sources */ = {isa = PBXBuildFile; fileRef = BBCB42AC1FAD1F060050C4E1 /* Node.cpp */; };
		BBCB42B11FAD1F300050C4E1 /* Mesh.cpp in Sources */ = {isa = PBXBuildFile; fileRef = BBCB42AF1FAD1F300050C4E1 /* Mesh.cpp */; };
		BBCB42B41FAD212C0050C4E1 /* MeshNode.cpp in Sources */ = {isa = PBXBuildFile; fileRef = BBCB42B21FAD212C0050C4E1 /* MeshNode.cpp */; };
		BBCB42B71FAD246A0050C4E1 /* Vector3.cpp in Sources */ = {isa = PBXBuildFile; fileRef = BBCB42B51FAD246A0050C4E1 /* Vector3.cpp */; };
		BBCB42BA1FAD47E10050C4E1 /* Color.cpp in Sources */ = {isa = PBXBuildFile; fileRef = BBCB42B81FAD47E10050C4E1 /* Color.cpp */; };
		BBCB42C01FAD551F0050C4E1 /* Box.cpp in Sources */ = {isa = PBXBuildFile; fileRef = BBCB42BE1FAD551F0050C4E1 /* Box.cpp */; };
		BBCB42C41FAD5D780050C4E1 /* Cube.cpp in Sources */ = {isa = PBXBuildFile; fileRef = BBCB42C21FAD5D780050C4E1 /* Cube.cpp */; };
		BBCB42C71FAD5EBC0050C4E1 /* Cone.cpp in Sources */ = {isa = PBXBuildFile; fileRef = BBCB42C51FAD5EBC0050C4E1 /* Cone.cpp */; };
		BBCB42CA1FAD5EF50050C4E1 /* Primitive.cpp in Sources */ = {isa = PBXBuildFile; fileRef = BBCB42C81FAD5EF50050C4E1 /* Primitive.cpp */; };
		BBCB42CD1FAD65780050C4E1 /* Sphere.cpp in Sources */ = {isa = PBXBuildFile; fileRef = BBCB42CB1FAD65780050C4E1 /* Sphere.cpp */; };
/* End PBXBuildFile section */

/* Begin PBXCopyFilesBuildPhase section */
		BBCB427A1FAD07570050C4E1 /* CopyFiles */ = {
			isa = PBXCopyFilesBuildPhase;
			buildActionMask = 12;
			dstPath = assets;
			dstSubfolderSpec = 16;
			files = (
				BBCB429D1FAD13910050C4E1 /* Simple.vs in CopyFiles */,
				BBCB429E1FAD13930050C4E1 /* Simple.fs in CopyFiles */,
			);
			runOnlyForDeploymentPostprocessing = 0;
		};
/* End PBXCopyFilesBuildPhase section */

/* Begin PBXFileReference section */
		BB63E3861FB100FB0022E530 /* Rectangle.cpp */ = {isa = PBXFileReference; lastKnownFileType = sourcecode.cpp.cpp; path = Rectangle.cpp; sourceTree = "<group>"; };
		BB63E3871FB100FB0022E530 /* Rectangle.hpp */ = {isa = PBXFileReference; lastKnownFileType = sourcecode.cpp.h; path = Rectangle.hpp; sourceTree = "<group>"; };
		BB63E3891FB102540022E530 /* Square.cpp */ = {isa = PBXFileReference; lastKnownFileType = sourcecode.cpp.cpp; path = Square.cpp; sourceTree = "<group>"; };
		BB63E38A1FB102540022E530 /* Square.hpp */ = {isa = PBXFileReference; lastKnownFileType = sourcecode.cpp.h; path = Square.hpp; sourceTree = "<group>"; };
		BB63E38C1FB1037A0022E530 /* Circle.cpp */ = {isa = PBXFileReference; lastKnownFileType = sourcecode.cpp.cpp; path = Circle.cpp; sourceTree = "<group>"; };
		BB63E38D1FB1037A0022E530 /* Circle.hpp */ = {isa = PBXFileReference; lastKnownFileType = sourcecode.cpp.h; path = Circle.hpp; sourceTree = "<group>"; };
		BB7131A71FAE558400481B94 /* Cylinder.cpp */ = {isa = PBXFileReference; lastKnownFileType = sourcecode.cpp.cpp; path = Cylinder.cpp; sourceTree = "<group>"; };
		BB7131A81FAE558400481B94 /* Cylinder.hpp */ = {isa = PBXFileReference; lastKnownFileType = sourcecode.cpp.h; path = Cylinder.hpp; sourceTree = "<group>"; };
		BB7131AA1FAE67BD00481B94 /* PointNode.cpp */ = {isa = PBXFileReference; lastKnownFileType = sourcecode.cpp.cpp; path = PointNode.cpp; sourceTree = "<group>"; };
		BB7131AB1FAE67BE00481B94 /* PointNode.hpp */ = {isa = PBXFileReference; lastKnownFileType = sourcecode.cpp.h; path = PointNode.hpp; sourceTree = "<group>"; };
		BB7131AD1FAE682200481B94 /* RenderNode.cpp */ = {isa = PBXFileReference; lastKnownFileType = sourcecode.cpp.cpp; path = RenderNode.cpp; sourceTree = "<group>"; };
		BB7131AE1FAE682200481B94 /* RenderNode.hpp */ = {isa = PBXFileReference; lastKnownFileType = sourcecode.cpp.h; path = RenderNode.hpp; sourceTree = "<group>"; };
		BBCB427C1FAD07570050C4E1 /* GraphicsEngine */ = {isa = PBXFileReference; explicitFileType = "compiled.mach-o.executable"; includeInIndex = 0; path = GraphicsEngine; sourceTree = BUILT_PRODUCTS_DIR; };
		BBCB427F1FAD07570050C4E1 /* main.mm */ = {isa = PBXFileReference; lastKnownFileType = sourcecode.cpp.objcpp; path = main.mm; sourceTree = "<group>"; };
		BBCB42871FAD07610050C4E1 /* OpenGL.framework */ = {isa = PBXFileReference; lastKnownFileType = wrapper.framework; name = OpenGL.framework; path = System/Library/Frameworks/OpenGL.framework; sourceTree = SDKROOT; };
		BBCB42881FAD07700050C4E1 /* libGLEW.a */ = {isa = PBXFileReference; lastKnownFileType = archive.ar; name = libGLEW.a; path = ../../../../../../usr/local/Cellar/glew/2.1.0/lib/libGLEW.a; sourceTree = "<group>"; };
		BBCB428A1FAD077B0050C4E1 /* libglfw3.a */ = {isa = PBXFileReference; lastKnownFileType = archive.ar; name = libglfw3.a; path = ../../../../../../usr/local/Cellar/glfw/3.2.1/lib/libglfw3.a; sourceTree = "<group>"; };
		BBCB428D1FAD07840050C4E1 /* Cocoa.framework */ = {isa = PBXFileReference; lastKnownFileType = wrapper.framework; name = Cocoa.framework; path = System/Library/Frameworks/Cocoa.framework; sourceTree = SDKROOT; };
		BBCB428F1FAD08120050C4E1 /* Application.cpp */ = {isa = PBXFileReference; lastKnownFileType = sourcecode.cpp.cpp; path = Application.cpp; sourceTree = "<group>"; };
		BBCB42901FAD08120050C4E1 /* Application.hpp */ = {isa = PBXFileReference; lastKnownFileType = sourcecode.cpp.h; path = Application.hpp; sourceTree = "<group>"; };
		BBCB42921FAD0BC50050C4E1 /* Size.hpp */ = {isa = PBXFileReference; lastKnownFileType = sourcecode.cpp.h; path = Size.hpp; sourceTree = "<group>"; };
		BBCB42941FAD0CF30050C4E1 /* IOKit.framework */ = {isa = PBXFileReference; lastKnownFileType = wrapper.framework; name = IOKit.framework; path = System/Library/Frameworks/IOKit.framework; sourceTree = SDKROOT; };
		BBCB42951FAD0CF70050C4E1 /* Foundation.framework */ = {isa = PBXFileReference; lastKnownFileType = wrapper.framework; name = Foundation.framework; path = System/Library/Frameworks/Foundation.framework; sourceTree = SDKROOT; };
		BBCB42981FAD0D090050C4E1 /* CoreVideo.framework */ = {isa = PBXFileReference; lastKnownFileType = wrapper.framework; name = CoreVideo.framework; path = System/Library/Frameworks/CoreVideo.framework; sourceTree = SDKROOT; };
		BBCB429A1FAD108D0050C4E1 /* File.hpp */ = {isa = PBXFileReference; lastKnownFileType = sourcecode.cpp.h; path = File.hpp; sourceTree = "<group>"; };
		BBCB429B1FAD112B0050C4E1 /* Simple.vs */ = {isa = PBXFileReference; lastKnownFileType = sourcecode.glsl; path = Simple.vs; sourceTree = "<group>"; };
		BBCB429C1FAD11370050C4E1 /* Simple.fs */ = {isa = PBXFileReference; lastKnownFileType = sourcecode.glsl; path = Simple.fs; sourceTree = "<group>"; };
		BBCB429F1FAD14F60050C4E1 /* Shader.cpp */ = {isa = PBXFileReference; lastKnownFileType = sourcecode.cpp.cpp; path = Shader.cpp; sourceTree = "<group>"; };
		BBCB42A01FAD14F60050C4E1 /* Shader.hpp */ = {isa = PBXFileReference; lastKnownFileType = sourcecode.cpp.h; path = Shader.hpp; sourceTree = "<group>"; };
		BBCB42A31FAD19E90050C4E1 /* Program.cpp */ = {isa = PBXFileReference; lastKnownFileType = sourcecode.cpp.cpp; path = Program.cpp; sourceTree = "<group>"; };
		BBCB42A41FAD19E90050C4E1 /* Program.hpp */ = {isa = PBXFileReference; lastKnownFileType = sourcecode.cpp.h; path = Program.hpp; sourceTree = "<group>"; };
		BBCB42A61FAD1B090050C4E1 /* FragmentShader.cpp */ = {isa = PBXFileReference; lastKnownFileType = sourcecode.cpp.cpp; path = FragmentShader.cpp; sourceTree = "<group>"; };
		BBCB42A71FAD1B090050C4E1 /* FragmentShader.hpp */ = {isa = PBXFileReference; lastKnownFileType = sourcecode.cpp.h; path = FragmentShader.hpp; sourceTree = "<group>"; };
		BBCB42A91FAD1B110050C4E1 /* VertexShader.cpp */ = {isa = PBXFileReference; lastKnownFileType = sourcecode.cpp.cpp; path = VertexShader.cpp; sourceTree = "<group>"; };
		BBCB42AA1FAD1B110050C4E1 /* VertexShader.hpp */ = {isa = PBXFileReference; lastKnownFileType = sourcecode.cpp.h; path = VertexShader.hpp; sourceTree = "<group>"; };
		BBCB42AC1FAD1F060050C4E1 /* Node.cpp */ = {isa = PBXFileReference; lastKnownFileType = sourcecode.cpp.cpp; path = Node.cpp; sourceTree = "<group>"; };
		BBCB42AD1FAD1F060050C4E1 /* Node.hpp */ = {isa = PBXFileReference; lastKnownFileType = sourcecode.cpp.h; path = Node.hpp; sourceTree = "<group>"; };
		BBCB42AF1FAD1F300050C4E1 /* Mesh.cpp */ = {isa = PBXFileReference; lastKnownFileType = sourcecode.cpp.cpp; path = Mesh.cpp; sourceTree = "<group>"; };
		BBCB42B01FAD1F300050C4E1 /* Mesh.hpp */ = {isa = PBXFileReference; lastKnownFileType = sourcecode.cpp.h; path = Mesh.hpp; sourceTree = "<group>"; };
		BBCB42B21FAD212C0050C4E1 /* MeshNode.cpp */ = {isa = PBXFileReference; lastKnownFileType = sourcecode.cpp.cpp; path = MeshNode.cpp; sourceTree = "<group>"; };
		BBCB42B31FAD212C0050C4E1 /* MeshNode.hpp */ = {isa = PBXFileReference; lastKnownFileType = sourcecode.cpp.h; path = MeshNode.hpp; sourceTree = "<group>"; };
		BBCB42B51FAD246A0050C4E1 /* Vector3.cpp */ = {isa = PBXFileReference; lastKnownFileType = sourcecode.cpp.cpp; path = Vector3.cpp; sourceTree = "<group>"; };
		BBCB42B61FAD246A0050C4E1 /* Vector3.hpp */ = {isa = PBXFileReference; lastKnownFileType = sourcecode.cpp.h; path = Vector3.hpp; sourceTree = "<group>"; };
		BBCB42B81FAD47E10050C4E1 /* Color.cpp */ = {isa = PBXFileReference; lastKnownFileType = sourcecode.cpp.cpp; path = Color.cpp; sourceTree = "<group>"; };
		BBCB42B91FAD47E10050C4E1 /* Color.hpp */ = {isa = PBXFileReference; lastKnownFileType = sourcecode.cpp.h; path = Color.hpp; sourceTree = "<group>"; };
		BBCB42BE1FAD551F0050C4E1 /* Box.cpp */ = {isa = PBXFileReference; lastKnownFileType = sourcecode.cpp.cpp; path = Box.cpp; sourceTree = "<group>"; };
		BBCB42BF1FAD551F0050C4E1 /* Box.hpp */ = {isa = PBXFileReference; lastKnownFileType = sourcecode.cpp.h; path = Box.hpp; sourceTree = "<group>"; };
		BBCB42C21FAD5D780050C4E1 /* Cube.cpp */ = {isa = PBXFileReference; lastKnownFileType = sourcecode.cpp.cpp; path = Cube.cpp; sourceTree = "<group>"; };
		BBCB42C31FAD5D780050C4E1 /* Cube.hpp */ = {isa = PBXFileReference; lastKnownFileType = sourcecode.cpp.h; path = Cube.hpp; sourceTree = "<group>"; };
		BBCB42C51FAD5EBC0050C4E1 /* Cone.cpp */ = {isa = PBXFileReference; lastKnownFileType = sourcecode.cpp.cpp; path = Cone.cpp; sourceTree = "<group>"; };
		BBCB42C61FAD5EBC0050C4E1 /* Cone.hpp */ = {isa = PBXFileReference; lastKnownFileType = sourcecode.cpp.h; path = Cone.hpp; sourceTree = "<group>"; };
		BBCB42C81FAD5EF50050C4E1 /* Primitive.cpp */ = {isa = PBXFileReference; lastKnownFileType = sourcecode.cpp.cpp; path = Primitive.cpp; sourceTree = "<group>"; };
		BBCB42C91FAD5EF50050C4E1 /* Primitive.hpp */ = {isa = PBXFileReference; lastKnownFileType = sourcecode.cpp.h; path = Primitive.hpp; sourceTree = "<group>"; };
		BBCB42CB1FAD65780050C4E1 /* Sphere.cpp */ = {isa = PBXFileReference; lastKnownFileType = sourcecode.cpp.cpp; path = Sphere.cpp; sourceTree = "<group>"; };
		BBCB42CC1FAD65780050C4E1 /* Sphere.hpp */ = {isa = PBXFileReference; lastKnownFileType = sourcecode.cpp.h; path = Sphere.hpp; sourceTree = "<group>"; };
/* End PBXFileReference section */

/* Begin PBXFrameworksBuildPhase section */
		BBCB42791FAD07570050C4E1 /* Frameworks */ = {
			isa = PBXFrameworksBuildPhase;
			buildActionMask = 2147483647;
			files = (
				BBCB42971FAD0CFB0050C4E1 /* Foundation.framework in Frameworks */,
				BBCB42931FAD0CEF0050C4E1 /* Cocoa.framework in Frameworks */,
				BBCB42961FAD0CFA0050C4E1 /* IOKit.framework in Frameworks */,
				BBCB428B1FAD077B0050C4E1 /* libglfw3.a in Frameworks */,
				BBCB42991FAD0D0E0050C4E1 /* CoreVideo.framework in Frameworks */,
				BBCB42891FAD07700050C4E1 /* libGLEW.a in Frameworks */,
				BBCB428C1FAD077F0050C4E1 /* OpenGL.framework in Frameworks */,
			);
			runOnlyForDeploymentPostprocessing = 0;
		};
/* End PBXFrameworksBuildPhase section */

/* Begin PBXGroup section */
		BB63E3841FB100CC0022E530 /* 3D */ = {
			isa = PBXGroup;
			children = (
				BBCB42BE1FAD551F0050C4E1 /* Box.cpp */,
				BBCB42BF1FAD551F0050C4E1 /* Box.hpp */,
				BBCB42C21FAD5D780050C4E1 /* Cube.cpp */,
				BBCB42C31FAD5D780050C4E1 /* Cube.hpp */,
				BBCB42C51FAD5EBC0050C4E1 /* Cone.cpp */,
				BBCB42C61FAD5EBC0050C4E1 /* Cone.hpp */,
				BBCB42CB1FAD65780050C4E1 /* Sphere.cpp */,
				BBCB42CC1FAD65780050C4E1 /* Sphere.hpp */,
				BB7131A71FAE558400481B94 /* Cylinder.cpp */,
				BB7131A81FAE558400481B94 /* Cylinder.hpp */,
			);
			path = 3D;
			sourceTree = "<group>";
		};
		BB63E3851FB100DD0022E530 /* 2D */ = {
			isa = PBXGroup;
			children = (
				BB63E3861FB100FB0022E530 /* Rectangle.cpp */,
				BB63E3871FB100FB0022E530 /* Rectangle.hpp */,
				BB63E3891FB102540022E530 /* Square.cpp */,
				BB63E38A1FB102540022E530 /* Square.hpp */,
				BB63E38C1FB1037A0022E530 /* Circle.cpp */,
				BB63E38D1FB1037A0022E530 /* Circle.hpp */,
			);
			path = 2D;
			sourceTree = "<group>";
		};
		BBCB42731FAD07570050C4E1 = {
			isa = PBXGroup;
			children = (
				BBCB427E1FAD07570050C4E1 /* GraphicsEngine */,
				BBCB427D1FAD07570050C4E1 /* Products */,
				BBCB42861FAD07610050C4E1 /* Frameworks */,
			);
			sourceTree = "<group>";
		};
		BBCB427D1FAD07570050C4E1 /* Products */ = {
			isa = PBXGroup;
			children = (
				BBCB427C1FAD07570050C4E1 /* GraphicsEngine */,
			);
			name = Products;
			sourceTree = "<group>";
		};
		BBCB427E1FAD07570050C4E1 /* GraphicsEngine */ = {
			isa = PBXGroup;
			children = (
				BBCB427F1FAD07570050C4E1 /* main.mm */,
				BBCB428F1FAD08120050C4E1 /* Application.cpp */,
				BBCB42901FAD08120050C4E1 /* Application.hpp */,
				BBCB42921FAD0BC50050C4E1 /* Size.hpp */,
				BBCB42B51FAD246A0050C4E1 /* Vector3.cpp */,
				BBCB42B61FAD246A0050C4E1 /* Vector3.hpp */,
				BBCB429A1FAD108D0050C4E1 /* File.hpp */,
				BBCB42B81FAD47E10050C4E1 /* Color.cpp */,
				BBCB42B91FAD47E10050C4E1 /* Color.hpp */,
				BBCB429F1FAD14F60050C4E1 /* Shader.cpp */,
				BBCB42A01FAD14F60050C4E1 /* Shader.hpp */,
				BBCB42A61FAD1B090050C4E1 /* FragmentShader.cpp */,
				BBCB42A71FAD1B090050C4E1 /* FragmentShader.hpp */,
				BBCB42A91FAD1B110050C4E1 /* VertexShader.cpp */,
				BBCB42AA1FAD1B110050C4E1 /* VertexShader.hpp */,
				BBCB42A31FAD19E90050C4E1 /* Program.cpp */,
				BBCB42A41FAD19E90050C4E1 /* Program.hpp */,
				BBCB42AC1FAD1F060050C4E1 /* Node.cpp */,
				BBCB42AD1FAD1F060050C4E1 /* Node.hpp */,
				BB7131AD1FAE682200481B94 /* RenderNode.cpp */,
				BB7131AE1FAE682200481B94 /* RenderNode.hpp */,
				BBCB42B21FAD212C0050C4E1 /* MeshNode.cpp */,
				BBCB42B31FAD212C0050C4E1 /* MeshNode.hpp */,
				BB7131AA1FAE67BD00481B94 /* PointNode.cpp */,
				BB7131AB1FAE67BE00481B94 /* PointNode.hpp */,
				BBCB42C11FAD5D6A0050C4E1 /* Mesh */,
				BBCB42A21FAD19C90050C4E1 /* Shaders */,
			);
			path = GraphicsEngine;
			sourceTree = "<group>";
		};
		BBCB42861FAD07610050C4E1 /* Frameworks */ = {
			isa = PBXGroup;
			children = (
				BBCB42981FAD0D090050C4E1 /* CoreVideo.framework */,
				BBCB42951FAD0CF70050C4E1 /* Foundation.framework */,
				BBCB42941FAD0CF30050C4E1 /* IOKit.framework */,
				BBCB428D1FAD07840050C4E1 /* Cocoa.framework */,
				BBCB428A1FAD077B0050C4E1 /* libglfw3.a */,
				BBCB42881FAD07700050C4E1 /* libGLEW.a */,
				BBCB42871FAD07610050C4E1 /* OpenGL.framework */,
			);
			name = Frameworks;
			sourceTree = "<group>";
		};
		BBCB42A21FAD19C90050C4E1 /* Shaders */ = {
			isa = PBXGroup;
			children = (
				BBCB429B1FAD112B0050C4E1 /* Simple.vs */,
				BBCB429C1FAD11370050C4E1 /* Simple.fs */,
			);
			path = Shaders;
			sourceTree = "<group>";
		};
		BBCB42C11FAD5D6A0050C4E1 /* Mesh */ = {
			isa = PBXGroup;
			children = (
				BBCB42AF1FAD1F300050C4E1 /* Mesh.cpp */,
				BBCB42B01FAD1F300050C4E1 /* Mesh.hpp */,
				BBCB42C81FAD5EF50050C4E1 /* Primitive.cpp */,
				BBCB42C91FAD5EF50050C4E1 /* Primitive.hpp */,
				BB63E3851FB100DD0022E530 /* 2D */,
				BB63E3841FB100CC0022E530 /* 3D */,
			);
			path = Mesh;
			sourceTree = "<group>";
		};
/* End PBXGroup section */

/* Begin PBXNativeTarget section */
		BBCB427B1FAD07570050C4E1 /* GraphicsEngine */ = {
			isa = PBXNativeTarget;
			buildConfigurationList = BBCB42831FAD07570050C4E1 /* Build configuration list for PBXNativeTarget "GraphicsEngine" */;
			buildPhases = (
				BBCB42781FAD07570050C4E1 /* Sources */,
				BBCB42791FAD07570050C4E1 /* Frameworks */,
				BBCB427A1FAD07570050C4E1 /* CopyFiles */,
			);
			buildRules = (
			);
			dependencies = (
			);
			name = GraphicsEngine;
			productName = GraphicsEngine;
			productReference = BBCB427C1FAD07570050C4E1 /* GraphicsEngine */;
			productType = "com.apple.product-type.tool";
		};
/* End PBXNativeTarget section */

/* Begin PBXProject section */
		BBCB42741FAD07570050C4E1 /* Project object */ = {
			isa = PBXProject;
			attributes = {
				LastUpgradeCheck = 0910;
				ORGANIZATIONNAME = "Adilson Tavares";
				TargetAttributes = {
					BBCB427B1FAD07570050C4E1 = {
						CreatedOnToolsVersion = 9.1;
						ProvisioningStyle = Automatic;
					};
				};
			};
			buildConfigurationList = BBCB42771FAD07570050C4E1 /* Build configuration list for PBXProject "GraphicsEngine" */;
			compatibilityVersion = "Xcode 8.0";
			developmentRegion = en;
			hasScannedForEncodings = 0;
			knownRegions = (
				en,
			);
			mainGroup = BBCB42731FAD07570050C4E1;
			productRefGroup = BBCB427D1FAD07570050C4E1 /* Products */;
			projectDirPath = "";
			projectRoot = "";
			targets = (
				BBCB427B1FAD07570050C4E1 /* GraphicsEngine */,
			);
		};
/* End PBXProject section */

/* Begin PBXSourcesBuildPhase section */
		BBCB42781FAD07570050C4E1 /* Sources */ = {
			isa = PBXSourcesBuildPhase;
			buildActionMask = 2147483647;
			files = (
				BBCB42C71FAD5EBC0050C4E1 /* Cone.cpp in Sources */,
				BBCB42C41FAD5D780050C4E1 /* Cube.cpp in Sources */,
				BB7131AC1FAE67BE00481B94 /* PointNode.cpp in Sources */,
				BB63E3881FB100FB0022E530 /* Rectangle.cpp in Sources */,
				BB63E38B1FB102540022E530 /* Square.cpp in Sources */,
				BBCB42CD1FAD65780050C4E1 /* Sphere.cpp in Sources */,
				BBCB42A51FAD19E90050C4E1 /* Program.cpp in Sources */,
				BBCB42AE1FAD1F060050C4E1 /* Node.cpp in Sources */,
				BBCB42CA1FAD5EF50050C4E1 /* Primitive.cpp in Sources */,
				BBCB42A81FAD1B090050C4E1 /* FragmentShader.cpp in Sources */,
				BBCB42911FAD08120050C4E1 /* Application.cpp in Sources */,
				BBCB42A11FAD14F60050C4E1 /* Shader.cpp in Sources */,
				BB7131AF1FAE682200481B94 /* RenderNode.cpp in Sources */,
				BB63E38E1FB1037A0022E530 /* Circle.cpp in Sources */,
				BBCB42BA1FAD47E10050C4E1 /* Color.cpp in Sources */,
				BBCB42AB1FAD1B110050C4E1 /* VertexShader.cpp in Sources */,
				BBCB42B71FAD246A0050C4E1 /* Vector3.cpp in Sources */,
				BBCB42B11FAD1F300050C4E1 /* Mesh.cpp in Sources */,
				BB7131A91FAE558400481B94 /* Cylinder.cpp in Sources */,
				BBCB42C01FAD551F0050C4E1 /* Box.cpp in Sources */,
				BBCB42801FAD07570050C4E1 /* main.mm in Sources */,
				BBCB42B41FAD212C0050C4E1 /* MeshNode.cpp in Sources */,
			);
			runOnlyForDeploymentPostprocessing = 0;
		};
/* End PBXSourcesBuildPhase section */

/* Begin XCBuildConfiguration section */
		BBCB42811FAD07570050C4E1 /* Debug */ = {
			isa = XCBuildConfiguration;
			buildSettings = {
				ALWAYS_SEARCH_USER_PATHS = NO;
				CLANG_ANALYZER_NONNULL = YES;
				CLANG_ANALYZER_NUMBER_OBJECT_CONVERSION = YES_AGGRESSIVE;
				CLANG_CXX_LANGUAGE_STANDARD = "gnu++14";
				CLANG_CXX_LIBRARY = "libc++";
				CLANG_ENABLE_MODULES = YES;
				CLANG_ENABLE_OBJC_ARC = YES;
				CLANG_WARN_BLOCK_CAPTURE_AUTORELEASING = YES;
				CLANG_WARN_BOOL_CONVERSION = YES;
				CLANG_WARN_COMMA = YES;
				CLANG_WARN_CONSTANT_CONVERSION = YES;
				CLANG_WARN_DIRECT_OBJC_ISA_USAGE = YES_ERROR;
				CLANG_WARN_DOCUMENTATION_COMMENTS = YES;
				CLANG_WARN_EMPTY_BODY = YES;
				CLANG_WARN_ENUM_CONVERSION = YES;
				CLANG_WARN_INFINITE_RECURSION = YES;
				CLANG_WARN_INT_CONVERSION = YES;
				CLANG_WARN_NON_LITERAL_NULL_CONVERSION = YES;
				CLANG_WARN_OBJC_LITERAL_CONVERSION = YES;
				CLANG_WARN_OBJC_ROOT_CLASS = YES_ERROR;
				CLANG_WARN_RANGE_LOOP_ANALYSIS = YES;
				CLANG_WARN_STRICT_PROTOTYPES = YES;
				CLANG_WARN_SUSPICIOUS_MOVE = YES;
				CLANG_WARN_UNGUARDED_AVAILABILITY = YES_AGGRESSIVE;
				CLANG_WARN_UNREACHABLE_CODE = YES;
				CLANG_WARN__DUPLICATE_METHOD_MATCH = YES;
				CODE_SIGN_IDENTITY = "Mac Developer";
				COPY_PHASE_STRIP = NO;
				DEBUG_INFORMATION_FORMAT = dwarf;
				ENABLE_STRICT_OBJC_MSGSEND = YES;
				ENABLE_TESTABILITY = YES;
				GCC_C_LANGUAGE_STANDARD = gnu11;
				GCC_DYNAMIC_NO_PIC = NO;
				GCC_NO_COMMON_BLOCKS = YES;
				GCC_OPTIMIZATION_LEVEL = 0;
				GCC_PREPROCESSOR_DEFINITIONS = (
					"DEBUG=1",
					"$(inherited)",
				);
				GCC_WARN_64_TO_32_BIT_CONVERSION = YES;
				GCC_WARN_ABOUT_RETURN_TYPE = YES_ERROR;
				GCC_WARN_UNDECLARED_SELECTOR = YES;
				GCC_WARN_UNINITIALIZED_AUTOS = YES_AGGRESSIVE;
				GCC_WARN_UNUSED_FUNCTION = YES;
				GCC_WARN_UNUSED_VARIABLE = YES;
				MACOSX_DEPLOYMENT_TARGET = 10.13;
				MTL_ENABLE_DEBUG_INFO = YES;
				ONLY_ACTIVE_ARCH = YES;
				SDKROOT = macosx;
			};
			name = Debug;
		};
		BBCB42821FAD07570050C4E1 /* Release */ = {
			isa = XCBuildConfiguration;
			buildSettings = {
				ALWAYS_SEARCH_USER_PATHS = NO;
				CLANG_ANALYZER_NONNULL = YES;
				CLANG_ANALYZER_NUMBER_OBJECT_CONVERSION = YES_AGGRESSIVE;
				CLANG_CXX_LANGUAGE_STANDARD = "gnu++14";
				CLANG_CXX_LIBRARY = "libc++";
				CLANG_ENABLE_MODULES = YES;
				CLANG_ENABLE_OBJC_ARC = YES;
				CLANG_WARN_BLOCK_CAPTURE_AUTORELEASING = YES;
				CLANG_WARN_BOOL_CONVERSION = YES;
				CLANG_WARN_COMMA = YES;
				CLANG_WARN_CONSTANT_CONVERSION = YES;
				CLANG_WARN_DIRECT_OBJC_ISA_USAGE = YES_ERROR;
				CLANG_WARN_DOCUMENTATION_COMMENTS = YES;
				CLANG_WARN_EMPTY_BODY = YES;
				CLANG_WARN_ENUM_CONVERSION = YES;
				CLANG_WARN_INFINITE_RECURSION = YES;
				CLANG_WARN_INT_CONVERSION = YES;
				CLANG_WARN_NON_LITERAL_NULL_CONVERSION = YES;
				CLANG_WARN_OBJC_LITERAL_CONVERSION = YES;
				CLANG_WARN_OBJC_ROOT_CLASS = YES_ERROR;
				CLANG_WARN_RANGE_LOOP_ANALYSIS = YES;
				CLANG_WARN_STRICT_PROTOTYPES = YES;
				CLANG_WARN_SUSPICIOUS_MOVE = YES;
				CLANG_WARN_UNGUARDED_AVAILABILITY = YES_AGGRESSIVE;
				CLANG_WARN_UNREACHABLE_CODE = YES;
				CLANG_WARN__DUPLICATE_METHOD_MATCH = YES;
				CODE_SIGN_IDENTITY = "Mac Developer";
				COPY_PHASE_STRIP = NO;
				DEBUG_INFORMATION_FORMAT = "dwarf-with-dsym";
				ENABLE_NS_ASSERTIONS = NO;
				ENABLE_STRICT_OBJC_MSGSEND = YES;
				GCC_C_LANGUAGE_STANDARD = gnu11;
				GCC_NO_COMMON_BLOCKS = YES;
				GCC_WARN_64_TO_32_BIT_CONVERSION = YES;
				GCC_WARN_ABOUT_RETURN_TYPE = YES_ERROR;
				GCC_WARN_UNDECLARED_SELECTOR = YES;
				GCC_WARN_UNINITIALIZED_AUTOS = YES_AGGRESSIVE;
				GCC_WARN_UNUSED_FUNCTION = YES;
				GCC_WARN_UNUSED_VARIABLE = YES;
				MACOSX_DEPLOYMENT_TARGET = 10.13;
				MTL_ENABLE_DEBUG_INFO = NO;
				SDKROOT = macosx;
			};
			name = Release;
		};
		BBCB42841FAD07570050C4E1 /* Debug */ = {
			isa = XCBuildConfiguration;
			buildSettings = {
				CODE_SIGN_STYLE = Automatic;
				DEVELOPMENT_TEAM = KGZDXHRM66;
				HEADER_SEARCH_PATHS = /usr/local/include;
				LIBRARY_SEARCH_PATHS = (
					"$(inherited)",
					/usr/local/Cellar/glew/2.1.0/lib,
					/usr/local/Cellar/glfw/3.2.1/lib,
				);
				PRODUCT_NAME = "$(TARGET_NAME)";
				USER_HEADER_SEARCH_PATHS = "";
			};
			name = Debug;
		};
		BBCB42851FAD07570050C4E1 /* Release */ = {
			isa = XCBuildConfiguration;
			buildSettings = {
				CODE_SIGN_STYLE = Automatic;
				DEVELOPMENT_TEAM = KGZDXHRM66;
				HEADER_SEARCH_PATHS = /usr/local/include;
				LIBRARY_SEARCH_PATHS = (
					"$(inherited)",
					/usr/local/Cellar/glew/2.1.0/lib,
					/usr/local/Cellar/glfw/3.2.1/lib,
				);
				PRODUCT_NAME = "$(TARGET_NAME)";
				USER_HEADER_SEARCH_PATHS = "";
			};
			name = Release;
		};
/* End XCBuildConfiguration section */

/* Begin XCConfigurationList section */
		BBCB42771FAD07570050C4E1 /* Build configuration list for PBXProject "GraphicsEngine" */ = {
			isa = XCConfigurationList;
			buildConfigurations = (
				BBCB42811FAD07570050C4E1 /* Debug */,
				BBCB42821FAD07570050C4E1 /* Release */,
			);
			defaultConfigurationIsVisible = 0;
			defaultConfigurationName = Release;
		};
		BBCB42831FAD07570050C4E1 /* Build configuration list for PBXNativeTarget "GraphicsEngine" */ = {
			isa = XCConfigurationList;
			buildConfigurations = (
				BBCB42841FAD07570050C4E1 /* Debug */,
				BBCB42851FAD07570050C4E1 /* Release */,
			);
			defaultConfigurationIsVisible = 0;
			defaultConfigurationName = Release;
		};
/* End XCConfigurationList section */
	};
	rootObject = BBCB42741FAD07570050C4E1 /* Project object */;
}
